
Microsoft Visual Studio Solution File, Format Version 12.00
# Visual Studio Version 17
VisualStudioVersion = 17.14.36414.22
MinimumVisualStudioVersion = 10.0.40219.1
Project("{8BC9CEB8-8B4A-11D0-8D11-00A0C91BC942}") = "Encryption 1", "Encryption 1.vcxproj", "{698B1EF4-E814-4453-A4C8-13E42277D877}"
EndProject
Project("{54435603-DBB4-11D2-8724-00A0C9A8B90C}") = "Encrypter", "..\Encrypter\Encrypter.vdproj", "{876078CA-5CD8-6D0C-52DA-6DE720C34A77}"
EndProject
Project("{54435603-DBB4-11D2-8724-00A0C9A8B90C}") = "Encrypter_Installer", "..\Encrypter_Installer\Encrypter_Installer.vdproj", "{E05BD284-5516-E35B-FFC6-DBCD76A327EF}"
EndProject
Global
	GlobalSection(SolutionConfigurationPlatforms) = preSolution
		Debug|x64 = Debug|x64
		Debug|x86 = Debug|x86
		Release|x64 = Release|x64
		Release|x86 = Release|x86
	EndGlobalSection
	GlobalSection(ProjectConfigurationPlatforms) = postSolution
		{698B1EF4-E814-4453-A4C8-13E42277D877}.Debug|x64.ActiveCfg = Debug|x64
		{698B1EF4-E814-4453-A4C8-13E42277D877}.Debug|x64.Build.0 = Debug|x64
		{698B1EF4-E814-4453-A4C8-13E42277D877}.Debug|x86.ActiveCfg = Debug|Win32
		{698B1EF4-E814-4453-A4C8-13E42277D877}.Debug|x86.Build.0 = Debug|Win32
		{698B1EF4-E814-4453-A4C8-13E42277D877}.Release|x64.ActiveCfg = Release|x64
		{698B1EF4-E814-4453-A4C8-13E42277D877}.Release|x64.Build.0 = Release|x64
		{698B1EF4-E814-4453-A4C8-13E42277D877}.Release|x86.ActiveCfg = Release|Win32
		{698B1EF4-E814-4453-A4C8-13E42277D877}.Release|x86.Build.0 = Release|Win32
		{876078CA-5CD8-6D0C-52DA-6DE720C34A77}.Debug|x64.ActiveCfg = Debug
		{876078CA-5CD8-6D0C-52DA-6DE720C34A77}.Debug|x86.ActiveCfg = Debug
		{876078CA-5CD8-6D0C-52DA-6DE720C34A77}.Release|x64.ActiveCfg = Release
		{876078CA-5CD8-6D0C-52DA-6DE720C34A77}.Release|x86.ActiveCfg = Release
		{E05BD284-5516-E35B-FFC6-DBCD76A327EF}.Debug|x64.ActiveCfg = Debug
		{E05BD284-5516-E35B-FFC6-DBCD76A327EF}.Debug|x86.ActiveCfg = Debug
		{E05BD284-5516-E35B-FFC6-DBCD76A327EF}.Release|x64.ActiveCfg = Release
		{E05BD284-5516-E35B-FFC6-DBCD76A327EF}.Release|x86.ActiveCfg = Release
	EndGlobalSection
	GlobalSection(SolutionProperties) = preSolution
		HideSolutionNode = FALSE
	EndGlobalSection
	GlobalSection(ExtensibilityGlobals) = postSolution
		SolutionGuid = {AA5972A1-58C3-4715-A3C3-41C6EFC061E4}
	EndGlobalSection
EndGlobal
